
Microsoft Visual Studio Solution File, Format Version 12.00
# Visual Studio 15
VisualStudioVersion = 15.0.26206.0
MinimumVisualStudioVersion = 10.0.40219.1
Project("{2150E333-8FDC-42A3-9474-1A3956D46DE8}") = "src", "src", "{EC6D8994-E4B8-4A8E-BF4A-25ACADBB5B24}"
EndProject
Project("{2150E333-8FDC-42A3-9474-1A3956D46DE8}") = "Solution Items", "Solution Items", "{B897BB3D-3EDA-40A9-9C91-F32F73D5E4DB}"
EndProject
Project("{9A19103F-16F7-4668-BE54-9A1E7A4F7556}") = "gabIdentityServer", "gabIdentityServer\gabIdentityServer.csproj", "{07D39D43-DF7B-4990-87B8-B2731AE91218}"
EndProject
Project("{9A19103F-16F7-4668-BE54-9A1E7A4F7556}") = "AspNetCoreMVC", "AspNetCoreMVC\AspNetCoreMVC.csproj", "{A61A220E-8ECC-431B-B6AA-0DE8EFBFB0B0}"
EndProject
Project("{9A19103F-16F7-4668-BE54-9A1E7A4F7556}") = "AspNetCoreWebApi", "AspNetCoreWebApi\AspNetCoreWebApi.csproj", "{97F76AAA-6C4D-4979-819A-BFAF05D9271B}"
EndProject
Global
	GlobalSection(SolutionConfigurationPlatforms) = preSolution
		Debug|Any CPU = Debug|Any CPU
		Release|Any CPU = Release|Any CPU
	EndGlobalSection
	GlobalSection(ProjectConfigurationPlatforms) = postSolution
		{07D39D43-DF7B-4990-87B8-B2731AE91218}.Debug|Any CPU.ActiveCfg = Debug|Any CPU
		{07D39D43-DF7B-4990-87B8-B2731AE91218}.Debug|Any CPU.Build.0 = Debug|Any CPU
		{07D39D43-DF7B-4990-87B8-B2731AE91218}.Release|Any CPU.ActiveCfg = Release|Any CPU
		{07D39D43-DF7B-4990-87B8-B2731AE91218}.Release|Any CPU.Build.0 = Release|Any CPU
		{A61A220E-8ECC-431B-B6AA-0DE8EFBFB0B0}.Debug|Any CPU.ActiveCfg = Debug|Any CPU
		{A61A220E-8ECC-431B-B6AA-0DE8EFBFB0B0}.Debug|Any CPU.Build.0 = Debug|Any CPU
		{A61A220E-8ECC-431B-B6AA-0DE8EFBFB0B0}.Release|Any CPU.ActiveCfg = Release|Any CPU
		{A61A220E-8ECC-431B-B6AA-0DE8EFBFB0B0}.Release|Any CPU.Build.0 = Release|Any CPU
		{97F76AAA-6C4D-4979-819A-BFAF05D9271B}.Debug|Any CPU.ActiveCfg = Debug|Any CPU
		{97F76AAA-6C4D-4979-819A-BFAF05D9271B}.Debug|Any CPU.Build.0 = Debug|Any CPU
		{97F76AAA-6C4D-4979-819A-BFAF05D9271B}.Release|Any CPU.ActiveCfg = Release|Any CPU
		{97F76AAA-6C4D-4979-819A-BFAF05D9271B}.Release|Any CPU.Build.0 = Release|Any CPU
	EndGlobalSection
	GlobalSection(SolutionProperties) = preSolution
		HideSolutionNode = FALSE
	EndGlobalSection
	GlobalSection(NestedProjects) = preSolution
		{07D39D43-DF7B-4990-87B8-B2731AE91218} = {EC6D8994-E4B8-4A8E-BF4A-25ACADBB5B24}
		{A61A220E-8ECC-431B-B6AA-0DE8EFBFB0B0} = {EC6D8994-E4B8-4A8E-BF4A-25ACADBB5B24}
		{97F76AAA-6C4D-4979-819A-BFAF05D9271B} = {EC6D8994-E4B8-4A8E-BF4A-25ACADBB5B24}
	EndGlobalSection
EndGlobal
